
Microsoft Visual Studio Solution File, Format Version 12.00
# Visual Studio Version 17
VisualStudioVersion = 17.1.32421.90
MinimumVisualStudioVersion = 10.0.40219.1
Project("{FAE04EC0-301F-11D3-BF4B-00C04F79EFBC}") = "appMeta", "appMeta.csproj", "{88265B21-2482-4ACE-AEEC-4FB5E9D70092}"
EndProject
Global
	GlobalSection(SolutionConfigurationPlatforms) = preSolution
		Debug|Any CPU = Debug|Any CPU
		Release|Any CPU = Release|Any CPU
	EndGlobalSection
	GlobalSection(ProjectConfigurationPlatforms) = postSolution
		{88265B21-2482-4ACE-AEEC-4FB5E9D70092}.Debug|Any CPU.ActiveCfg = Debug|Any CPU
		{88265B21-2482-4ACE-AEEC-4FB5E9D70092}.Debug|Any CPU.Build.0 = Debug|Any CPU
		{88265B21-2482-4ACE-AEEC-4FB5E9D70092}.Release|Any CPU.ActiveCfg = Release|Any CPU
		{88265B21-2482-4ACE-AEEC-4FB5E9D70092}.Release|Any CPU.Build.0 = Release|Any CPU
	EndGlobalSection
	GlobalSection(SolutionProperties) = preSolution
		HideSolutionNode = FALSE
	EndGlobalSection
	GlobalSection(ExtensibilityGlobals) = postSolution
		SolutionGuid = {3A7DC3A7-D6D0-4933-A7B4-88201FE02A45}
	EndGlobalSection
EndGlobal
